
Microsoft Visual Studio Solution File, Format Version 12.00
# Visual Studio 15
VisualStudioVersion = 15.0.33026.149
MinimumVisualStudioVersion = 10.0.40219.1
Project("{FAE04EC0-301F-11D3-BF4B-00C04F79EFBC}") = "Swap", "Swap\Swap.csproj", "{ACA3111B-1DD8-443F-88E9-09DE0881BE55}"
EndProject
Project("{FAE04EC0-301F-11D3-BF4B-00C04F79EFBC}") = "SwapGeneric", "SwapGeneric\SwapGeneric.csproj", "{2980CDA4-5062-4475-A1BE-55E8BC5491D3}"
EndProject
Global
	GlobalSection(SolutionConfigurationPlatforms) = preSolution
		Debug|Any CPU = Debug|Any CPU
		Release|Any CPU = Release|Any CPU
	EndGlobalSection
	GlobalSection(ProjectConfigurationPlatforms) = postSolution
		{ACA3111B-1DD8-443F-88E9-09DE0881BE55}.Debug|Any CPU.ActiveCfg = Debug|Any CPU
		{ACA3111B-1DD8-443F-88E9-09DE0881BE55}.Debug|Any CPU.Build.0 = Debug|Any CPU
		{ACA3111B-1DD8-443F-88E9-09DE0881BE55}.Release|Any CPU.ActiveCfg = Release|Any CPU
		{ACA3111B-1DD8-443F-88E9-09DE0881BE55}.Release|Any CPU.Build.0 = Release|Any CPU
		{2980CDA4-5062-4475-A1BE-55E8BC5491D3}.Debug|Any CPU.ActiveCfg = Debug|Any CPU
		{2980CDA4-5062-4475-A1BE-55E8BC5491D3}.Debug|Any CPU.Build.0 = Debug|Any CPU
		{2980CDA4-5062-4475-A1BE-55E8BC5491D3}.Release|Any CPU.ActiveCfg = Release|Any CPU
		{2980CDA4-5062-4475-A1BE-55E8BC5491D3}.Release|Any CPU.Build.0 = Release|Any CPU
	EndGlobalSection
	GlobalSection(SolutionProperties) = preSolution
		HideSolutionNode = FALSE
	EndGlobalSection
	GlobalSection(ExtensibilityGlobals) = postSolution
		SolutionGuid = {A90E729C-1FD5-4715-BE98-07114B68B758}
	EndGlobalSection
EndGlobal
