
Microsoft Visual Studio Solution File, Format Version 12.00
# Visual Studio 15
VisualStudioVersion = 15.0.33529.398
MinimumVisualStudioVersion = 10.0.40219.1
Project("{FAE04EC0-301F-11D3-BF4B-00C04F79EFBC}") = "DropDatabase", "DropDatabase\DropDatabase.csproj", "{45962B0E-DDB9-45F4-BC06-95C372273AE3}"
EndProject
Global
	GlobalSection(SolutionConfigurationPlatforms) = preSolution
		Debug|Any CPU = Debug|Any CPU
		Release|Any CPU = Release|Any CPU
	EndGlobalSection
	GlobalSection(ProjectConfigurationPlatforms) = postSolution
		{45962B0E-DDB9-45F4-BC06-95C372273AE3}.Debug|Any CPU.ActiveCfg = Debug|Any CPU
		{45962B0E-DDB9-45F4-BC06-95C372273AE3}.Debug|Any CPU.Build.0 = Debug|Any CPU
		{45962B0E-DDB9-45F4-BC06-95C372273AE3}.Release|Any CPU.ActiveCfg = Release|Any CPU
		{45962B0E-DDB9-45F4-BC06-95C372273AE3}.Release|Any CPU.Build.0 = Release|Any CPU
	EndGlobalSection
	GlobalSection(SolutionProperties) = preSolution
		HideSolutionNode = FALSE
	EndGlobalSection
	GlobalSection(ExtensibilityGlobals) = postSolution
		SolutionGuid = {7A510A80-43E5-4D8D-BC88-E7C40EC7573D}
	EndGlobalSection
EndGlobal
